
Microsoft Visual Studio Solution File, Format Version 12.00
# Visual Studio 15
VisualStudioVersion = 15.0.27130.2010
MinimumVisualStudioVersion = 10.0.40219.1
Project("{FAE04EC0-301F-11D3-BF4B-00C04F79EFBC}") = "Mapa", "Practica4\Mapa.csproj", "{EF393705-9E56-4565-B4DD-91925670F94A}"
EndProject
Project("{FAE04EC0-301F-11D3-BF4B-00C04F79EFBC}") = "UnitTestProject1", "UnitTestProject1\UnitTestProject1.csproj", "{2066551A-D458-408D-81CF-C7B25D298442}"
EndProject
Global
	GlobalSection(SolutionConfigurationPlatforms) = preSolution
		Debug|Any CPU = Debug|Any CPU
		Release|Any CPU = Release|Any CPU
	EndGlobalSection
	GlobalSection(ProjectConfigurationPlatforms) = postSolution
		{EF393705-9E56-4565-B4DD-91925670F94A}.Debug|Any CPU.ActiveCfg = Debug|Any CPU
		{EF393705-9E56-4565-B4DD-91925670F94A}.Debug|Any CPU.Build.0 = Debug|Any CPU
		{EF393705-9E56-4565-B4DD-91925670F94A}.Release|Any CPU.ActiveCfg = Release|Any CPU
		{EF393705-9E56-4565-B4DD-91925670F94A}.Release|Any CPU.Build.0 = Release|Any CPU
		{2066551A-D458-408D-81CF-C7B25D298442}.Debug|Any CPU.ActiveCfg = Debug|Any CPU
		{2066551A-D458-408D-81CF-C7B25D298442}.Debug|Any CPU.Build.0 = Debug|Any CPU
		{2066551A-D458-408D-81CF-C7B25D298442}.Release|Any CPU.ActiveCfg = Release|Any CPU
		{2066551A-D458-408D-81CF-C7B25D298442}.Release|Any CPU.Build.0 = Release|Any CPU
	EndGlobalSection
	GlobalSection(SolutionProperties) = preSolution
		HideSolutionNode = FALSE
	EndGlobalSection
	GlobalSection(ExtensibilityGlobals) = postSolution
		SolutionGuid = {C1F806C1-8F94-4208-AC82-C322D514B1F4}
	EndGlobalSection
EndGlobal
